
Microsoft Visual Studio Solution File, Format Version 12.00
# Visual Studio Version 17
VisualStudioVersion = 17.0.31903.59
MinimumVisualStudioVersion = 10.0.40219.1
Project("{2150E333-8FDC-42A3-9474-1A3956D46DE8}") = "src", "src", "{827E0CD3-B72D-47B6-A68D-7590B98EB39B}"
EndProject
Project("{FAE04EC0-301F-11D3-BF4B-00C04F79EFBC}") = "Mizan.Core", "src\Mizan.Core\Mizan.Core.csproj", "{233283AF-6B22-4713-AEF7-BD8121175F8C}"
EndProject
Project("{FAE04EC0-301F-11D3-BF4B-00C04F79EFBC}") = "Mizan.Application", "src\Mizan.Application\Mizan.Application.csproj", "{3D738554-E173-4AA4-A4B7-09FC70954D6E}"
EndProject
Project("{FAE04EC0-301F-11D3-BF4B-00C04F79EFBC}") = "Mizan.Infrastructure", "src\Mizan.Infrastructure\Mizan.Infrastructure.csproj", "{3116CB79-01E0-4680-B51B-5F77BFDC6D8D}"
EndProject
Project("{FAE04EC0-301F-11D3-BF4B-00C04F79EFBC}") = "Mizan.API", "src\Mizan.API\Mizan.API.csproj", "{65B624D0-A04C-4E3D-A2E6-1A042CB90770}"
EndProject
Project("{2150E333-8FDC-42A3-9474-1A3956D46DE8}") = "tests", "tests", "{0AB3BF05-4346-4AA6-1389-037BE0695223}"
EndProject
Project("{FAE04EC0-301F-11D3-BF4B-00C04F79EFBC}") = "Mizan.UnitTests", "tests\Mizan.UnitTests\Mizan.UnitTests.csproj", "{6BB127A9-8F56-49F0-AB1C-0646FD39277E}"
EndProject
Global
	GlobalSection(SolutionConfigurationPlatforms) = preSolution
		Debug|Any CPU = Debug|Any CPU
		Debug|x64 = Debug|x64
		Debug|x86 = Debug|x86
		Release|Any CPU = Release|Any CPU
		Release|x64 = Release|x64
		Release|x86 = Release|x86
	EndGlobalSection
	GlobalSection(ProjectConfigurationPlatforms) = postSolution
		{233283AF-6B22-4713-AEF7-BD8121175F8C}.Debug|Any CPU.ActiveCfg = Debug|Any CPU
		{233283AF-6B22-4713-AEF7-BD8121175F8C}.Debug|Any CPU.Build.0 = Debug|Any CPU
		{233283AF-6B22-4713-AEF7-BD8121175F8C}.Debug|x64.ActiveCfg = Debug|Any CPU
		{233283AF-6B22-4713-AEF7-BD8121175F8C}.Debug|x64.Build.0 = Debug|Any CPU
		{233283AF-6B22-4713-AEF7-BD8121175F8C}.Debug|x86.ActiveCfg = Debug|Any CPU
		{233283AF-6B22-4713-AEF7-BD8121175F8C}.Debug|x86.Build.0 = Debug|Any CPU
		{233283AF-6B22-4713-AEF7-BD8121175F8C}.Release|Any CPU.ActiveCfg = Release|Any CPU
		{233283AF-6B22-4713-AEF7-BD8121175F8C}.Release|Any CPU.Build.0 = Release|Any CPU
		{233283AF-6B22-4713-AEF7-BD8121175F8C}.Release|x64.ActiveCfg = Release|Any CPU
		{233283AF-6B22-4713-AEF7-BD8121175F8C}.Release|x64.Build.0 = Release|Any CPU
		{233283AF-6B22-4713-AEF7-BD8121175F8C}.Release|x86.ActiveCfg = Release|Any CPU
		{233283AF-6B22-4713-AEF7-BD8121175F8C}.Release|x86.Build.0 = Release|Any CPU
		{3D738554-E173-4AA4-A4B7-09FC70954D6E}.Debug|Any CPU.ActiveCfg = Debug|Any CPU
		{3D738554-E173-4AA4-A4B7-09FC70954D6E}.Debug|Any CPU.Build.0 = Debug|Any CPU
		{3D738554-E173-4AA4-A4B7-09FC70954D6E}.Debug|x64.ActiveCfg = Debug|Any CPU
		{3D738554-E173-4AA4-A4B7-09FC70954D6E}.Debug|x64.Build.0 = Debug|Any CPU
		{3D738554-E173-4AA4-A4B7-09FC70954D6E}.Debug|x86.ActiveCfg = Debug|Any CPU
		{3D738554-E173-4AA4-A4B7-09FC70954D6E}.Debug|x86.Build.0 = Debug|Any CPU
		{3D738554-E173-4AA4-A4B7-09FC70954D6E}.Release|Any CPU.ActiveCfg = Release|Any CPU
		{3D738554-E173-4AA4-A4B7-09FC70954D6E}.Release|Any CPU.Build.0 = Release|Any CPU
		{3D738554-E173-4AA4-A4B7-09FC70954D6E}.Release|x64.ActiveCfg = Release|Any CPU
		{3D738554-E173-4AA4-A4B7-09FC70954D6E}.Release|x64.Build.0 = Release|Any CPU
		{3D738554-E173-4AA4-A4B7-09FC70954D6E}.Release|x86.ActiveCfg = Release|Any CPU
		{3D738554-E173-4AA4-A4B7-09FC70954D6E}.Release|x86.Build.0 = Release|Any CPU
		{3116CB79-01E0-4680-B51B-5F77BFDC6D8D}.Debug|Any CPU.ActiveCfg = Debug|Any CPU
		{3116CB79-01E0-4680-B51B-5F77BFDC6D8D}.Debug|Any CPU.Build.0 = Debug|Any CPU
		{3116CB79-01E0-4680-B51B-5F77BFDC6D8D}.Debug|x64.ActiveCfg = Debug|Any CPU
		{3116CB79-01E0-4680-B51B-5F77BFDC6D8D}.Debug|x64.Build.0 = Debug|Any CPU
		{3116CB79-01E0-4680-B51B-5F77BFDC6D8D}.Debug|x86.ActiveCfg = Debug|Any CPU
		{3116CB79-01E0-4680-B51B-5F77BFDC6D8D}.Debug|x86.Build.0 = Debug|Any CPU
		{3116CB79-01E0-4680-B51B-5F77BFDC6D8D}.Release|Any CPU.ActiveCfg = Release|Any CPU
		{3116CB79-01E0-4680-B51B-5F77BFDC6D8D}.Release|Any CPU.Build.0 = Release|Any CPU
		{3116CB79-01E0-4680-B51B-5F77BFDC6D8D}.Release|x64.ActiveCfg = Release|Any CPU
		{3116CB79-01E0-4680-B51B-5F77BFDC6D8D}.Release|x64.Build.0 = Release|Any CPU
		{3116CB79-01E0-4680-B51B-5F77BFDC6D8D}.Release|x86.ActiveCfg = Release|Any CPU
		{3116CB79-01E0-4680-B51B-5F77BFDC6D8D}.Release|x86.Build.0 = Release|Any CPU
		{65B624D0-A04C-4E3D-A2E6-1A042CB90770}.Debug|Any CPU.ActiveCfg = Debug|Any CPU
		{65B624D0-A04C-4E3D-A2E6-1A042CB90770}.Debug|Any CPU.Build.0 = Debug|Any CPU
		{65B624D0-A04C-4E3D-A2E6-1A042CB90770}.Debug|x64.ActiveCfg = Debug|Any CPU
		{65B624D0-A04C-4E3D-A2E6-1A042CB90770}.Debug|x64.Build.0 = Debug|Any CPU
		{65B624D0-A04C-4E3D-A2E6-1A042CB90770}.Debug|x86.ActiveCfg = Debug|Any CPU
		{65B624D0-A04C-4E3D-A2E6-1A042CB90770}.Debug|x86.Build.0 = Debug|Any CPU
		{65B624D0-A04C-4E3D-A2E6-1A042CB90770}.Release|Any CPU.ActiveCfg = Release|Any CPU
		{65B624D0-A04C-4E3D-A2E6-1A042CB90770}.Release|Any CPU.Build.0 = Release|Any CPU
		{65B624D0-A04C-4E3D-A2E6-1A042CB90770}.Release|x64.ActiveCfg = Release|Any CPU
		{65B624D0-A04C-4E3D-A2E6-1A042CB90770}.Release|x64.Build.0 = Release|Any CPU
		{65B624D0-A04C-4E3D-A2E6-1A042CB90770}.Release|x86.ActiveCfg = Release|Any CPU
		{65B624D0-A04C-4E3D-A2E6-1A042CB90770}.Release|x86.Build.0 = Release|Any CPU
		{6BB127A9-8F56-49F0-AB1C-0646FD39277E}.Debug|Any CPU.ActiveCfg = Debug|Any CPU
		{6BB127A9-8F56-49F0-AB1C-0646FD39277E}.Debug|Any CPU.Build.0 = Debug|Any CPU
		{6BB127A9-8F56-49F0-AB1C-0646FD39277E}.Debug|x64.ActiveCfg = Debug|Any CPU
		{6BB127A9-8F56-49F0-AB1C-0646FD39277E}.Debug|x64.Build.0 = Debug|Any CPU
		{6BB127A9-8F56-49F0-AB1C-0646FD39277E}.Debug|x86.ActiveCfg = Debug|Any CPU
		{6BB127A9-8F56-49F0-AB1C-0646FD39277E}.Debug|x86.Build.0 = Debug|Any CPU
		{6BB127A9-8F56-49F0-AB1C-0646FD39277E}.Release|Any CPU.ActiveCfg = Release|Any CPU
		{6BB127A9-8F56-49F0-AB1C-0646FD39277E}.Release|Any CPU.Build.0 = Release|Any CPU
		{6BB127A9-8F56-49F0-AB1C-0646FD39277E}.Release|x64.ActiveCfg = Release|Any CPU
		{6BB127A9-8F56-49F0-AB1C-0646FD39277E}.Release|x64.Build.0 = Release|Any CPU
		{6BB127A9-8F56-49F0-AB1C-0646FD39277E}.Release|x86.ActiveCfg = Release|Any CPU
		{6BB127A9-8F56-49F0-AB1C-0646FD39277E}.Release|x86.Build.0 = Release|Any CPU
	EndGlobalSection
	GlobalSection(SolutionProperties) = preSolution
		HideSolutionNode = FALSE
	EndGlobalSection
	GlobalSection(NestedProjects) = preSolution
		{233283AF-6B22-4713-AEF7-BD8121175F8C} = {827E0CD3-B72D-47B6-A68D-7590B98EB39B}
		{3D738554-E173-4AA4-A4B7-09FC70954D6E} = {827E0CD3-B72D-47B6-A68D-7590B98EB39B}
		{3116CB79-01E0-4680-B51B-5F77BFDC6D8D} = {827E0CD3-B72D-47B6-A68D-7590B98EB39B}
		{65B624D0-A04C-4E3D-A2E6-1A042CB90770} = {827E0CD3-B72D-47B6-A68D-7590B98EB39B}
		{6BB127A9-8F56-49F0-AB1C-0646FD39277E} = {0AB3BF05-4346-4AA6-1389-037BE0695223}
	EndGlobalSection
EndGlobal
